
Microsoft Visual Studio Solution File, Format Version 12.00
# Visual Studio Version 16
VisualStudioVersion = 16.0.29020.237
MinimumVisualStudioVersion = 10.0.40219.1
Project("{9092AA53-FB77-4645-B42D-1CCCA6BD08BD}") = "ExpressRestApi", "ExpressRestApi\ExpressRestApi.njsproj", "{95F00E70-FCC3-49C6-AD82-E81D0FDA9F8D}"
EndProject
Global
	GlobalSection(SolutionConfigurationPlatforms) = preSolution
		Debug|Any CPU = Debug|Any CPU
		Release|Any CPU = Release|Any CPU
	EndGlobalSection
	GlobalSection(ProjectConfigurationPlatforms) = postSolution
		{95F00E70-FCC3-49C6-AD82-E81D0FDA9F8D}.Debug|Any CPU.ActiveCfg = Debug|Any CPU
		{95F00E70-FCC3-49C6-AD82-E81D0FDA9F8D}.Debug|Any CPU.Build.0 = Debug|Any CPU
		{95F00E70-FCC3-49C6-AD82-E81D0FDA9F8D}.Release|Any CPU.ActiveCfg = Release|Any CPU
		{95F00E70-FCC3-49C6-AD82-E81D0FDA9F8D}.Release|Any CPU.Build.0 = Release|Any CPU
	EndGlobalSection
	GlobalSection(SolutionProperties) = preSolution
		HideSolutionNode = FALSE
	EndGlobalSection
	GlobalSection(ExtensibilityGlobals) = postSolution
		SolutionGuid = {CAE70123-098A-4A0E-8662-667C8DB2D700}
	EndGlobalSection
EndGlobal
